
Microsoft Visual Studio Solution File, Format Version 12.00
# Visual Studio Version 17
VisualStudioVersion = 17.7.34024.191
MinimumVisualStudioVersion = 10.0.40219.1
Project("{9A19103F-16F7-4668-BE54-9A1E7A4F7556}") = "1Lab", "1 lr oop\1Lab.csproj", "{648F8A4D-F847-4BF9-8450-84EB96EE07F8}"
EndProject
Project("{9A19103F-16F7-4668-BE54-9A1E7A4F7556}") = "Model", "Model\Model.csproj", "{2F376641-EE76-4B7C-8245-9394E7BBECD9}"
EndProject
Global
	GlobalSection(SolutionConfigurationPlatforms) = preSolution
		Debug|Any CPU = Debug|Any CPU
		Release|Any CPU = Release|Any CPU
	EndGlobalSection
	GlobalSection(ProjectConfigurationPlatforms) = postSolution
		{648F8A4D-F847-4BF9-8450-84EB96EE07F8}.Debug|Any CPU.ActiveCfg = Debug|Any CPU
		{648F8A4D-F847-4BF9-8450-84EB96EE07F8}.Debug|Any CPU.Build.0 = Debug|Any CPU
		{648F8A4D-F847-4BF9-8450-84EB96EE07F8}.Release|Any CPU.ActiveCfg = Release|Any CPU
		{648F8A4D-F847-4BF9-8450-84EB96EE07F8}.Release|Any CPU.Build.0 = Release|Any CPU
		{2F376641-EE76-4B7C-8245-9394E7BBECD9}.Debug|Any CPU.ActiveCfg = Debug|Any CPU
		{2F376641-EE76-4B7C-8245-9394E7BBECD9}.Debug|Any CPU.Build.0 = Debug|Any CPU
		{2F376641-EE76-4B7C-8245-9394E7BBECD9}.Release|Any CPU.ActiveCfg = Release|Any CPU
		{2F376641-EE76-4B7C-8245-9394E7BBECD9}.Release|Any CPU.Build.0 = Release|Any CPU
	EndGlobalSection
	GlobalSection(SolutionProperties) = preSolution
		HideSolutionNode = FALSE
	EndGlobalSection
	GlobalSection(ExtensibilityGlobals) = postSolution
		SolutionGuid = {D43B132B-DCEB-4879-89EC-0FBC4E719F15}
	EndGlobalSection
EndGlobal
